<<<<<<< HEAD
﻿
Microsoft Visual Studio Solution File, Format Version 12.00
# Visual Studio 2013
VisualStudioVersion = 12.0.21005.1
MinimumVisualStudioVersion = 10.0.40219.1
Project("{FAE04EC0-301F-11D3-BF4B-00C04F79EFBC}") = "ITTT Final", "ITTT Final\ITTT Final.csproj", "{548CDB2D-D0A1-4922-9063-D854CA7A1A0B}"
EndProject
Global
	GlobalSection(SolutionConfigurationPlatforms) = preSolution
		Debug|Any CPU = Debug|Any CPU
		Release|Any CPU = Release|Any CPU
	EndGlobalSection
	GlobalSection(ProjectConfigurationPlatforms) = postSolution
		{548CDB2D-D0A1-4922-9063-D854CA7A1A0B}.Debug|Any CPU.ActiveCfg = Debug|Any CPU
		{548CDB2D-D0A1-4922-9063-D854CA7A1A0B}.Debug|Any CPU.Build.0 = Debug|Any CPU
		{548CDB2D-D0A1-4922-9063-D854CA7A1A0B}.Release|Any CPU.ActiveCfg = Release|Any CPU
		{548CDB2D-D0A1-4922-9063-D854CA7A1A0B}.Release|Any CPU.Build.0 = Release|Any CPU
	EndGlobalSection
	GlobalSection(SolutionProperties) = preSolution
		HideSolutionNode = FALSE
	EndGlobalSection
EndGlobal
=======
﻿
Microsoft Visual Studio Solution File, Format Version 12.00
# Visual Studio 2013
VisualStudioVersion = 12.0.21005.1
MinimumVisualStudioVersion = 10.0.40219.1
Project("{FAE04EC0-301F-11D3-BF4B-00C04F79EFBC}") = "ITTT Final", "ITTT Final\ITTT Final.csproj", "{548CDB2D-D0A1-4922-9063-D854CA7A1A0B}"
EndProject
Global
	GlobalSection(SolutionConfigurationPlatforms) = preSolution
		Debug|Any CPU = Debug|Any CPU
		Release|Any CPU = Release|Any CPU
	EndGlobalSection
	GlobalSection(ProjectConfigurationPlatforms) = postSolution
		{548CDB2D-D0A1-4922-9063-D854CA7A1A0B}.Debug|Any CPU.ActiveCfg = Debug|Any CPU
		{548CDB2D-D0A1-4922-9063-D854CA7A1A0B}.Debug|Any CPU.Build.0 = Debug|Any CPU
		{548CDB2D-D0A1-4922-9063-D854CA7A1A0B}.Release|Any CPU.ActiveCfg = Release|Any CPU
		{548CDB2D-D0A1-4922-9063-D854CA7A1A0B}.Release|Any CPU.Build.0 = Release|Any CPU
	EndGlobalSection
	GlobalSection(SolutionProperties) = preSolution
		HideSolutionNode = FALSE
	EndGlobalSection
EndGlobal
>>>>>>> 12b55fc8d846e5da9dd2a966c1e98e74c3407a21
